
Microsoft Visual Studio Solution File, Format Version 12.00
# Visual Studio 15
VisualStudioVersion = 15.0.28010.2046
MinimumVisualStudioVersion = 10.0.40219.1
Project("{FAE04EC0-301F-11D3-BF4B-00C04F79EFBC}") = "UnitTestingDemo", "UnitTestingDemo\UnitTestingDemo.csproj", "{D4694FA5-82CD-4F97-80C0-EEAC56ABFB27}"
EndProject
Project("{FAE04EC0-301F-11D3-BF4B-00C04F79EFBC}") = "UnitTestingDemoTests", "UnitTestingDemoTests\UnitTestingDemoTests.csproj", "{F1D1B110-2880-45EE-8445-8DEF0F24D244}"
EndProject
Global
	GlobalSection(SolutionConfigurationPlatforms) = preSolution
		Debug|Any CPU = Debug|Any CPU
		Release|Any CPU = Release|Any CPU
	EndGlobalSection
	GlobalSection(ProjectConfigurationPlatforms) = postSolution
		{D4694FA5-82CD-4F97-80C0-EEAC56ABFB27}.Debug|Any CPU.ActiveCfg = Debug|Any CPU
		{D4694FA5-82CD-4F97-80C0-EEAC56ABFB27}.Debug|Any CPU.Build.0 = Debug|Any CPU
		{D4694FA5-82CD-4F97-80C0-EEAC56ABFB27}.Release|Any CPU.ActiveCfg = Release|Any CPU
		{D4694FA5-82CD-4F97-80C0-EEAC56ABFB27}.Release|Any CPU.Build.0 = Release|Any CPU
		{F1D1B110-2880-45EE-8445-8DEF0F24D244}.Debug|Any CPU.ActiveCfg = Debug|Any CPU
		{F1D1B110-2880-45EE-8445-8DEF0F24D244}.Debug|Any CPU.Build.0 = Debug|Any CPU
		{F1D1B110-2880-45EE-8445-8DEF0F24D244}.Release|Any CPU.ActiveCfg = Release|Any CPU
		{F1D1B110-2880-45EE-8445-8DEF0F24D244}.Release|Any CPU.Build.0 = Release|Any CPU
	EndGlobalSection
	GlobalSection(SolutionProperties) = preSolution
		HideSolutionNode = FALSE
	EndGlobalSection
	GlobalSection(ExtensibilityGlobals) = postSolution
		SolutionGuid = {93CF5285-676D-4F08-B86B-B522FEFFB44A}
	EndGlobalSection
EndGlobal
